
Microsoft Visual Studio Solution File, Format Version 12.00
# Visual Studio 15
VisualStudioVersion = 15.0.27428.2043
MinimumVisualStudioVersion = 10.0.40219.1
Project("{FAE04EC0-301F-11D3-BF4B-00C04F79EFBC}") = "BookingVCSkypeBot", "BookingVCSkypeBot\BookingVCSkypeBot.csproj", "{8175A7BB-15C7-4C0A-BBF2-10D75B610305}"
EndProject
Project("{FAE04EC0-301F-11D3-BF4B-00C04F79EFBC}") = "BookingVCSkypeBot.Core", "BookingVCSkypeBot.Core\BookingVCSkypeBot.Core.csproj", "{2ABDF0FC-7533-41B0-B530-3003D4D2EF4E}"
EndProject
Project("{FAE04EC0-301F-11D3-BF4B-00C04F79EFBC}") = "BookingVCSkypeBot.Authentication.AADv2", "BookingVCSkypeBot.Authentication.AADv2\BookingVCSkypeBot.Authentication.AADv2.csproj", "{772A5CD7-DA1C-444D-A3FA-E797AB623EFB}"
EndProject
Project("{FAE04EC0-301F-11D3-BF4B-00C04F79EFBC}") = "BookingVCSkypeBot.Authentication", "BookingVCSkypeBot.Authentication\BookingVCSkypeBot.Authentication.csproj", "{54162CB7-BBEC-4C8C-B7A9-70144556E3E5}"
EndProject
Global
	GlobalSection(SolutionConfigurationPlatforms) = preSolution
		Debug|Any CPU = Debug|Any CPU
		Release|Any CPU = Release|Any CPU
	EndGlobalSection
	GlobalSection(ProjectConfigurationPlatforms) = postSolution
		{8175A7BB-15C7-4C0A-BBF2-10D75B610305}.Debug|Any CPU.ActiveCfg = Debug|Any CPU
		{8175A7BB-15C7-4C0A-BBF2-10D75B610305}.Debug|Any CPU.Build.0 = Debug|Any CPU
		{8175A7BB-15C7-4C0A-BBF2-10D75B610305}.Release|Any CPU.ActiveCfg = Release|Any CPU
		{8175A7BB-15C7-4C0A-BBF2-10D75B610305}.Release|Any CPU.Build.0 = Release|Any CPU
		{2ABDF0FC-7533-41B0-B530-3003D4D2EF4E}.Debug|Any CPU.ActiveCfg = Debug|Any CPU
		{2ABDF0FC-7533-41B0-B530-3003D4D2EF4E}.Debug|Any CPU.Build.0 = Debug|Any CPU
		{2ABDF0FC-7533-41B0-B530-3003D4D2EF4E}.Release|Any CPU.ActiveCfg = Release|Any CPU
		{2ABDF0FC-7533-41B0-B530-3003D4D2EF4E}.Release|Any CPU.Build.0 = Release|Any CPU
		{772A5CD7-DA1C-444D-A3FA-E797AB623EFB}.Debug|Any CPU.ActiveCfg = Debug|Any CPU
		{772A5CD7-DA1C-444D-A3FA-E797AB623EFB}.Debug|Any CPU.Build.0 = Debug|Any CPU
		{772A5CD7-DA1C-444D-A3FA-E797AB623EFB}.Release|Any CPU.ActiveCfg = Release|Any CPU
		{772A5CD7-DA1C-444D-A3FA-E797AB623EFB}.Release|Any CPU.Build.0 = Release|Any CPU
		{54162CB7-BBEC-4C8C-B7A9-70144556E3E5}.Debug|Any CPU.ActiveCfg = Debug|Any CPU
		{54162CB7-BBEC-4C8C-B7A9-70144556E3E5}.Debug|Any CPU.Build.0 = Debug|Any CPU
		{54162CB7-BBEC-4C8C-B7A9-70144556E3E5}.Release|Any CPU.ActiveCfg = Release|Any CPU
		{54162CB7-BBEC-4C8C-B7A9-70144556E3E5}.Release|Any CPU.Build.0 = Release|Any CPU
	EndGlobalSection
	GlobalSection(SolutionProperties) = preSolution
		HideSolutionNode = FALSE
	EndGlobalSection
	GlobalSection(ExtensibilityGlobals) = postSolution
		SolutionGuid = {E6F0167B-270D-4ABA-93EE-BEC83BD2907D}
	EndGlobalSection
EndGlobal
